
Microsoft Visual Studio Solution File, Format Version 12.00
# Visual Studio Version 16
VisualStudioVersion = 16.0.29512.175
MinimumVisualStudioVersion = 15.0.26124.0
Project("{9A19103F-16F7-4668-BE54-9A1E7A4F7556}") = "OperatorSharp", "OperatorSharp\OperatorSharp.csproj", "{A4DCC2C4-C8C2-415C-9E42-2738C888C70A}"
EndProject
Project("{9A19103F-16F7-4668-BE54-9A1E7A4F7556}") = "OperatorSharp.Tools.DotNet", "OperatorSharp.Tools.DotNet\OperatorSharp.Tools.DotNet.csproj", "{AA2CAE8B-2F9F-4AF7-9F6A-FC9304BB44BA}"
EndProject
Project("{9A19103F-16F7-4668-BE54-9A1E7A4F7556}") = "OperatorSharp.UnitTests", "OperatorSharp.UnitTests\OperatorSharp.UnitTests.csproj", "{94243F4A-190E-4F0C-9C3D-CD8918F77057}"
EndProject
Project("{FAE04EC0-301F-11D3-BF4B-00C04F79EFBC}") = "OperatorSharp.Extensions.DependencyInjection", "OperatorSharp.Extensions.DependencyInjection\OperatorSharp.Extensions.DependencyInjection.csproj", "{AF8A6021-EEB8-454C-B801-5DB7CD40FCDD}"
EndProject
Global
	GlobalSection(SolutionConfigurationPlatforms) = preSolution
		Debug|Any CPU = Debug|Any CPU
		Debug|x64 = Debug|x64
		Debug|x86 = Debug|x86
		Release|Any CPU = Release|Any CPU
		Release|x64 = Release|x64
		Release|x86 = Release|x86
	EndGlobalSection
	GlobalSection(ProjectConfigurationPlatforms) = postSolution
		{A4DCC2C4-C8C2-415C-9E42-2738C888C70A}.Debug|Any CPU.ActiveCfg = Debug|Any CPU
		{A4DCC2C4-C8C2-415C-9E42-2738C888C70A}.Debug|Any CPU.Build.0 = Debug|Any CPU
		{A4DCC2C4-C8C2-415C-9E42-2738C888C70A}.Debug|x64.ActiveCfg = Debug|Any CPU
		{A4DCC2C4-C8C2-415C-9E42-2738C888C70A}.Debug|x64.Build.0 = Debug|Any CPU
		{A4DCC2C4-C8C2-415C-9E42-2738C888C70A}.Debug|x86.ActiveCfg = Debug|Any CPU
		{A4DCC2C4-C8C2-415C-9E42-2738C888C70A}.Debug|x86.Build.0 = Debug|Any CPU
		{A4DCC2C4-C8C2-415C-9E42-2738C888C70A}.Release|Any CPU.ActiveCfg = Release|Any CPU
		{A4DCC2C4-C8C2-415C-9E42-2738C888C70A}.Release|Any CPU.Build.0 = Release|Any CPU
		{A4DCC2C4-C8C2-415C-9E42-2738C888C70A}.Release|x64.ActiveCfg = Release|Any CPU
		{A4DCC2C4-C8C2-415C-9E42-2738C888C70A}.Release|x64.Build.0 = Release|Any CPU
		{A4DCC2C4-C8C2-415C-9E42-2738C888C70A}.Release|x86.ActiveCfg = Release|Any CPU
		{A4DCC2C4-C8C2-415C-9E42-2738C888C70A}.Release|x86.Build.0 = Release|Any CPU
		{AA2CAE8B-2F9F-4AF7-9F6A-FC9304BB44BA}.Debug|Any CPU.ActiveCfg = Debug|Any CPU
		{AA2CAE8B-2F9F-4AF7-9F6A-FC9304BB44BA}.Debug|Any CPU.Build.0 = Debug|Any CPU
		{AA2CAE8B-2F9F-4AF7-9F6A-FC9304BB44BA}.Debug|x64.ActiveCfg = Debug|Any CPU
		{AA2CAE8B-2F9F-4AF7-9F6A-FC9304BB44BA}.Debug|x64.Build.0 = Debug|Any CPU
		{AA2CAE8B-2F9F-4AF7-9F6A-FC9304BB44BA}.Debug|x86.ActiveCfg = Debug|Any CPU
		{AA2CAE8B-2F9F-4AF7-9F6A-FC9304BB44BA}.Debug|x86.Build.0 = Debug|Any CPU
		{AA2CAE8B-2F9F-4AF7-9F6A-FC9304BB44BA}.Release|Any CPU.ActiveCfg = Release|Any CPU
		{AA2CAE8B-2F9F-4AF7-9F6A-FC9304BB44BA}.Release|Any CPU.Build.0 = Release|Any CPU
		{AA2CAE8B-2F9F-4AF7-9F6A-FC9304BB44BA}.Release|x64.ActiveCfg = Release|Any CPU
		{AA2CAE8B-2F9F-4AF7-9F6A-FC9304BB44BA}.Release|x64.Build.0 = Release|Any CPU
		{AA2CAE8B-2F9F-4AF7-9F6A-FC9304BB44BA}.Release|x86.ActiveCfg = Release|Any CPU
		{AA2CAE8B-2F9F-4AF7-9F6A-FC9304BB44BA}.Release|x86.Build.0 = Release|Any CPU
		{94243F4A-190E-4F0C-9C3D-CD8918F77057}.Debug|Any CPU.ActiveCfg = Debug|Any CPU
		{94243F4A-190E-4F0C-9C3D-CD8918F77057}.Debug|Any CPU.Build.0 = Debug|Any CPU
		{94243F4A-190E-4F0C-9C3D-CD8918F77057}.Debug|x64.ActiveCfg = Debug|Any CPU
		{94243F4A-190E-4F0C-9C3D-CD8918F77057}.Debug|x64.Build.0 = Debug|Any CPU
		{94243F4A-190E-4F0C-9C3D-CD8918F77057}.Debug|x86.ActiveCfg = Debug|Any CPU
		{94243F4A-190E-4F0C-9C3D-CD8918F77057}.Debug|x86.Build.0 = Debug|Any CPU
		{94243F4A-190E-4F0C-9C3D-CD8918F77057}.Release|Any CPU.ActiveCfg = Release|Any CPU
		{94243F4A-190E-4F0C-9C3D-CD8918F77057}.Release|Any CPU.Build.0 = Release|Any CPU
		{94243F4A-190E-4F0C-9C3D-CD8918F77057}.Release|x64.ActiveCfg = Release|Any CPU
		{94243F4A-190E-4F0C-9C3D-CD8918F77057}.Release|x64.Build.0 = Release|Any CPU
		{94243F4A-190E-4F0C-9C3D-CD8918F77057}.Release|x86.ActiveCfg = Release|Any CPU
		{94243F4A-190E-4F0C-9C3D-CD8918F77057}.Release|x86.Build.0 = Release|Any CPU
		{AF8A6021-EEB8-454C-B801-5DB7CD40FCDD}.Debug|Any CPU.ActiveCfg = Debug|Any CPU
		{AF8A6021-EEB8-454C-B801-5DB7CD40FCDD}.Debug|Any CPU.Build.0 = Debug|Any CPU
		{AF8A6021-EEB8-454C-B801-5DB7CD40FCDD}.Debug|x64.ActiveCfg = Debug|Any CPU
		{AF8A6021-EEB8-454C-B801-5DB7CD40FCDD}.Debug|x64.Build.0 = Debug|Any CPU
		{AF8A6021-EEB8-454C-B801-5DB7CD40FCDD}.Debug|x86.ActiveCfg = Debug|Any CPU
		{AF8A6021-EEB8-454C-B801-5DB7CD40FCDD}.Debug|x86.Build.0 = Debug|Any CPU
		{AF8A6021-EEB8-454C-B801-5DB7CD40FCDD}.Release|Any CPU.ActiveCfg = Release|Any CPU
		{AF8A6021-EEB8-454C-B801-5DB7CD40FCDD}.Release|Any CPU.Build.0 = Release|Any CPU
		{AF8A6021-EEB8-454C-B801-5DB7CD40FCDD}.Release|x64.ActiveCfg = Release|Any CPU
		{AF8A6021-EEB8-454C-B801-5DB7CD40FCDD}.Release|x64.Build.0 = Release|Any CPU
		{AF8A6021-EEB8-454C-B801-5DB7CD40FCDD}.Release|x86.ActiveCfg = Release|Any CPU
		{AF8A6021-EEB8-454C-B801-5DB7CD40FCDD}.Release|x86.Build.0 = Release|Any CPU
	EndGlobalSection
	GlobalSection(SolutionProperties) = preSolution
		HideSolutionNode = FALSE
	EndGlobalSection
	GlobalSection(ExtensibilityGlobals) = postSolution
		SolutionGuid = {F36FD4AA-F8AF-4C35-AF08-B1ECA6AA167D}
	EndGlobalSection
EndGlobal
